{
  "name": "js-camera",
  "version": "1.0.0",
  "lockfileVersion": 1,
  "requires": true,
  "dependencies": {
    "bootstrap": {
      "version": "4.2.1",
      "resolved": "http://registry.npm.taobao.org/bootstrap/download/bootstrap-4.2.1.tgz",
      "integrity": "sha1-j4vcoCTb8OhkTaMukYyKA6kKV1c="
    },
    "jquery": {
      "version": "3.3.1",
      "resolved": "http://registry.npm.taobao.org/jquery/download/jquery-3.3.1.tgz",
      "integrity": "sha1-lYzinoHJeQ8xvneS311NlfxX+8o="
    },
    "jsqrcode": {
      "version": "0.0.7",
      "resolved": "http://registry.npm.taobao.org/jsqrcode/download/jsqrcode-0.0.7.tgz",
      "integrity": "sha1-iFonUeMD8cBwOcNUo5rS5T0dQ5A="
    }
  }
}
